// !$*UTF8*$!
{
	archiveVersion = 1;
	classes = {
	};
	objectVersion = 48;
	objects = {

/* Begin PBXBuildFile section */
		70B311FB83FDEEAF24E9F61F /* libPods-Bowling.a in Frameworks */ = {isa = PBXBuildFile; fileRef = DFD30B62C9876DEC79006AB5 /* libPods-Bowling.a */; };
		84263DAD1FBC969600337D86 /* BWLScoreGridResultView.xib in Resources */ = {isa = PBXBuildFile; fileRef = 84263DAC1FBC969600337D86 /* BWLScoreGridResultView.xib */; };
		84263DB01FBC9C5B00337D86 /* BWLScoreGridResultView.m in Sources */ = {isa = PBXBuildFile; fileRef = 84263DAF1FBC9C5B00337D86 /* BWLScoreGridResultView.m */; };
		842E55C91FBB4E8100F469D2 /* AppDelegate.m in Sources */ = {isa = PBXBuildFile; fileRef = 842E55C81FBB4E8100F469D2 /* AppDelegate.m */; };
		842E55CC1FBB4E8100F469D2 /* BWLGameController.m in Sources */ = {isa = PBXBuildFile; fileRef = 842E55CB1FBB4E8100F469D2 /* BWLGameController.m */; };
		842E55CF1FBB4E8100F469D2 /* Main.storyboard in Resources */ = {isa = PBXBuildFile; fileRef = 842E55CD1FBB4E8100F469D2 /* Main.storyboard */; };
		842E55D11FBB4E8100F469D2 /* Assets.xcassets in Resources */ = {isa = PBXBuildFile; fileRef = 842E55D01FBB4E8100F469D2 /* Assets.xcassets */; };
		842E55D41FBB4E8100F469D2 /* LaunchScreen.storyboard in Resources */ = {isa = PBXBuildFile; fileRef = 842E55D21FBB4E8100F469D2 /* LaunchScreen.storyboard */; };
		842E55D71FBB4E8100F469D2 /* main.m in Sources */ = {isa = PBXBuildFile; fileRef = 842E55D61FBB4E8100F469D2 /* main.m */; };
		842E55EA1FBB4EC400F469D2 /* BWLFrameView.m in Sources */ = {isa = PBXBuildFile; fileRef = 842E55DF1FBB4EC200F469D2 /* BWLFrameView.m */; };
		842E55EB1FBB4EC400F469D2 /* BWLResultController.m in Sources */ = {isa = PBXBuildFile; fileRef = 842E55E01FBB4EC200F469D2 /* BWLResultController.m */; };
		842E55EC1FBB4EC400F469D2 /* BWLScoreCard.m in Sources */ = {isa = PBXBuildFile; fileRef = 842E55E21FBB4EC300F469D2 /* BWLScoreCard.m */; };
		842E55ED1FBB4EC400F469D2 /* BWLFrame.m in Sources */ = {isa = PBXBuildFile; fileRef = 842E55E31FBB4EC300F469D2 /* BWLFrame.m */; };
		842E55EE1FBB4EC400F469D2 /* BWLGameScore.m in Sources */ = {isa = PBXBuildFile; fileRef = 842E55E81FBB4EC300F469D2 /* BWLGameScore.m */; };
		844456C61FC6CF8200048C50 /* CustomCellForResult.m in Sources */ = {isa = PBXBuildFile; fileRef = 844456C41FC6CF8200048C50 /* CustomCellForResult.m */; };
		844456C71FC6CF8200048C50 /* CustomCellForResult.xib in Resources */ = {isa = PBXBuildFile; fileRef = 844456C51FC6CF8200048C50 /* CustomCellForResult.xib */; };
		8458A5291FBC351600EE164F /* BWLScoreGridView.m in Sources */ = {isa = PBXBuildFile; fileRef = 8458A5281FBC351600EE164F /* BWLScoreGridView.m */; };
		845E61901FCD7ED6007B5203 /* BWLPlayerViewController+ViewConstraints.m in Sources */ = {isa = PBXBuildFile; fileRef = 845E618F1FCD7ED6007B5203 /* BWLPlayerViewController+ViewConstraints.m */; };
		8463ABDA1FBC48D000D969BC /* BWLScoreGridViewXIB.xib in Resources */ = {isa = PBXBuildFile; fileRef = 8463ABD91FBC48D000D969BC /* BWLScoreGridViewXIB.xib */; };
		8463C4811FC6FCDE008B7B68 /* BWLStrikeFrame.m in Sources */ = {isa = PBXBuildFile; fileRef = 8463C4801FC6FCDE008B7B68 /* BWLStrikeFrame.m */; };
		8463C4841FC6FCEE008B7B68 /* BWLSpareFrame.m in Sources */ = {isa = PBXBuildFile; fileRef = 8463C4831FC6FCEE008B7B68 /* BWLSpareFrame.m */; };
		846846FD1FC812F700C0B630 /* BWLPlayerView.m in Sources */ = {isa = PBXBuildFile; fileRef = 846846FC1FC812F700C0B630 /* BWLPlayerView.m */; };
		846847001FC8130E00C0B630 /* BWLPlayerViewController.m in Sources */ = {isa = PBXBuildFile; fileRef = 846846FF1FC8130E00C0B630 /* BWLPlayerViewController.m */; };
		846A84421FC4799E00AB67F6 /* BWLButtonsComponent.m in Sources */ = {isa = PBXBuildFile; fileRef = 846A84411FC4799E00AB67F6 /* BWLButtonsComponent.m */; };
		847C9CC91FC57C3900393001 /* BWLRegistrationController.m in Sources */ = {isa = PBXBuildFile; fileRef = 847C9CC81FC57C3900393001 /* BWLRegistrationController.m */; };
		847C9CCD1FC5910600393001 /* CustomCellForTextField.m in Sources */ = {isa = PBXBuildFile; fileRef = 847C9CCB1FC5910600393001 /* CustomCellForTextField.m */; };
		847C9CD21FC5913B00393001 /* CustomCellForButton.m in Sources */ = {isa = PBXBuildFile; fileRef = 847C9CD01FC5913B00393001 /* CustomCellForButton.m */; };
		848841591FC41E4B0030525F /* BWLTopButtonsComponent.m in Sources */ = {isa = PBXBuildFile; fileRef = 848841581FC41E4B0030525F /* BWLTopButtonsComponent.m */; };
		8488415C1FC426530030525F /* BWLBottomButonsComponent.m in Sources */ = {isa = PBXBuildFile; fileRef = 8488415B1FC426530030525F /* BWLBottomButonsComponent.m */; };
		8489F6131FBDDB23005156ED /* BWLScoreInputView.m in Sources */ = {isa = PBXBuildFile; fileRef = 8489F6121FBDDB23005156ED /* BWLScoreInputView.m */; };
		84B7704B1FD03ED200BDBF31 /* BWLCommonFrame.m in Sources */ = {isa = PBXBuildFile; fileRef = 84B7704A1FD03ED200BDBF31 /* BWLCommonFrame.m */; };
/* End PBXBuildFile section */

/* Begin PBXFileReference section */
		172192EF7B7E95D1C2CDD995 /* Pods-Bowling.debug.xcconfig */ = {isa = PBXFileReference; includeInIndex = 1; lastKnownFileType = text.xcconfig; name = "Pods-Bowling.debug.xcconfig"; path = "Pods/Target Support Files/Pods-Bowling/Pods-Bowling.debug.xcconfig"; sourceTree = "<group>"; };
		33048AAB7D193BD557230DAB /* Pods-Bowling.release.xcconfig */ = {isa = PBXFileReference; includeInIndex = 1; lastKnownFileType = text.xcconfig; name = "Pods-Bowling.release.xcconfig"; path = "Pods/Target Support Files/Pods-Bowling/Pods-Bowling.release.xcconfig"; sourceTree = "<group>"; };
		84263DAC1FBC969600337D86 /* BWLScoreGridResultView.xib */ = {isa = PBXFileReference; lastKnownFileType = file.xib; path = BWLScoreGridResultView.xib; sourceTree = "<group>"; };
		84263DAE1FBC9C5B00337D86 /* BWLScoreGridResultView.h */ = {isa = PBXFileReference; lastKnownFileType = sourcecode.c.h; path = BWLScoreGridResultView.h; sourceTree = "<group>"; };
		84263DAF1FBC9C5B00337D86 /* BWLScoreGridResultView.m */ = {isa = PBXFileReference; lastKnownFileType = sourcecode.c.objc; path = BWLScoreGridResultView.m; sourceTree = "<group>"; };
		842E55C41FBB4E8100F469D2 /* Bowling.app */ = {isa = PBXFileReference; explicitFileType = wrapper.application; includeInIndex = 0; path = Bowling.app; sourceTree = BUILT_PRODUCTS_DIR; };
		842E55C71FBB4E8100F469D2 /* AppDelegate.h */ = {isa = PBXFileReference; lastKnownFileType = sourcecode.c.h; path = AppDelegate.h; sourceTree = "<group>"; };
		842E55C81FBB4E8100F469D2 /* AppDelegate.m */ = {isa = PBXFileReference; lastKnownFileType = sourcecode.c.objc; path = AppDelegate.m; sourceTree = "<group>"; };
		842E55CA1FBB4E8100F469D2 /* BWLGameController.h */ = {isa = PBXFileReference; lastKnownFileType = sourcecode.c.h; path = BWLGameController.h; sourceTree = "<group>"; };
		842E55CB1FBB4E8100F469D2 /* BWLGameController.m */ = {isa = PBXFileReference; lastKnownFileType = sourcecode.c.objc; path = BWLGameController.m; sourceTree = "<group>"; };
		842E55CE1FBB4E8100F469D2 /* Base */ = {isa = PBXFileReference; lastKnownFileType = file.storyboard; name = Base; path = Base.lproj/Main.storyboard; sourceTree = "<group>"; };
		842E55D01FBB4E8100F469D2 /* Assets.xcassets */ = {isa = PBXFileReference; lastKnownFileType = folder.assetcatalog; path = Assets.xcassets; sourceTree = "<group>"; };
		842E55D31FBB4E8100F469D2 /* Base */ = {isa = PBXFileReference; lastKnownFileType = file.storyboard; name = Base; path = Base.lproj/LaunchScreen.storyboard; sourceTree = "<group>"; };
		842E55D51FBB4E8100F469D2 /* Info.plist */ = {isa = PBXFileReference; lastKnownFileType = text.plist.xml; path = Info.plist; sourceTree = "<group>"; };
		842E55D61FBB4E8100F469D2 /* main.m */ = {isa = PBXFileReference; lastKnownFileType = sourcecode.c.objc; path = main.m; sourceTree = "<group>"; };
		842E55DE1FBB4E8C00F469D2 /* UIKit.framework */ = {isa = PBXFileReference; lastKnownFileType = wrapper.framework; name = UIKit.framework; path = System/Library/Frameworks/UIKit.framework; sourceTree = SDKROOT; };
		842E55DF1FBB4EC200F469D2 /* BWLFrameView.m */ = {isa = PBXFileReference; fileEncoding = 4; lastKnownFileType = sourcecode.c.objc; path = BWLFrameView.m; sourceTree = "<group>"; };
		842E55E01FBB4EC200F469D2 /* BWLResultController.m */ = {isa = PBXFileReference; fileEncoding = 4; lastKnownFileType = sourcecode.c.objc; path = BWLResultController.m; sourceTree = "<group>"; };
		842E55E11FBB4EC300F469D2 /* BWLScoreCard.h */ = {isa = PBXFileReference; fileEncoding = 4; lastKnownFileType = sourcecode.c.h; path = BWLScoreCard.h; sourceTree = "<group>"; };
		842E55E21FBB4EC300F469D2 /* BWLScoreCard.m */ = {isa = PBXFileReference; fileEncoding = 4; lastKnownFileType = sourcecode.c.objc; path = BWLScoreCard.m; sourceTree = "<group>"; };
		842E55E31FBB4EC300F469D2 /* BWLFrame.m */ = {isa = PBXFileReference; fileEncoding = 4; lastKnownFileType = sourcecode.c.objc; path = BWLFrame.m; sourceTree = "<group>"; };
		842E55E41FBB4EC300F469D2 /* BWLFrame.h */ = {isa = PBXFileReference; fileEncoding = 4; lastKnownFileType = sourcecode.c.h; path = BWLFrame.h; sourceTree = "<group>"; };
		842E55E51FBB4EC300F469D2 /* BWLResultController_BWLExtension.h */ = {isa = PBXFileReference; fileEncoding = 4; lastKnownFileType = sourcecode.c.h; path = BWLResultController_BWLExtension.h; sourceTree = "<group>"; };
		842E55E61FBB4EC300F469D2 /* BWLResultController.h */ = {isa = PBXFileReference; fileEncoding = 4; lastKnownFileType = sourcecode.c.h; path = BWLResultController.h; sourceTree = "<group>"; };
		842E55E71FBB4EC300F469D2 /* BWLFrameView.h */ = {isa = PBXFileReference; fileEncoding = 4; lastKnownFileType = sourcecode.c.h; path = BWLFrameView.h; sourceTree = "<group>"; };
		842E55E81FBB4EC300F469D2 /* BWLGameScore.m */ = {isa = PBXFileReference; fileEncoding = 4; lastKnownFileType = sourcecode.c.objc; path = BWLGameScore.m; sourceTree = "<group>"; };
		842E55E91FBB4EC300F469D2 /* BWLGameScore.h */ = {isa = PBXFileReference; fileEncoding = 4; lastKnownFileType = sourcecode.c.h; path = BWLGameScore.h; sourceTree = "<group>"; };
		844456C31FC6CF8200048C50 /* CustomCellForResult.h */ = {isa = PBXFileReference; lastKnownFileType = sourcecode.c.h; path = CustomCellForResult.h; sourceTree = "<group>"; };
		844456C41FC6CF8200048C50 /* CustomCellForResult.m */ = {isa = PBXFileReference; lastKnownFileType = sourcecode.c.objc; path = CustomCellForResult.m; sourceTree = "<group>"; };
		844456C51FC6CF8200048C50 /* CustomCellForResult.xib */ = {isa = PBXFileReference; lastKnownFileType = file.xib; path = CustomCellForResult.xib; sourceTree = "<group>"; };
		8458A5271FBC351600EE164F /* BWLScoreGridView.h */ = {isa = PBXFileReference; lastKnownFileType = sourcecode.c.h; path = BWLScoreGridView.h; sourceTree = "<group>"; };
		8458A5281FBC351600EE164F /* BWLScoreGridView.m */ = {isa = PBXFileReference; lastKnownFileType = sourcecode.c.objc; path = BWLScoreGridView.m; sourceTree = "<group>"; };
		845E618E1FCD7ED6007B5203 /* BWLPlayerViewController+ViewConstraints.h */ = {isa = PBXFileReference; lastKnownFileType = sourcecode.c.h; path = "BWLPlayerViewController+ViewConstraints.h"; sourceTree = "<group>"; };
		845E618F1FCD7ED6007B5203 /* BWLPlayerViewController+ViewConstraints.m */ = {isa = PBXFileReference; lastKnownFileType = sourcecode.c.objc; path = "BWLPlayerViewController+ViewConstraints.m"; sourceTree = "<group>"; };
		8463ABD91FBC48D000D969BC /* BWLScoreGridViewXIB.xib */ = {isa = PBXFileReference; lastKnownFileType = file.xib; path = BWLScoreGridViewXIB.xib; sourceTree = "<group>"; };
		8463C47F1FC6FCDE008B7B68 /* BWLStrikeFrame.h */ = {isa = PBXFileReference; lastKnownFileType = sourcecode.c.h; path = BWLStrikeFrame.h; sourceTree = "<group>"; };
		8463C4801FC6FCDE008B7B68 /* BWLStrikeFrame.m */ = {isa = PBXFileReference; lastKnownFileType = sourcecode.c.objc; path = BWLStrikeFrame.m; sourceTree = "<group>"; };
		8463C4821FC6FCEE008B7B68 /* BWLSpareFrame.h */ = {isa = PBXFileReference; lastKnownFileType = sourcecode.c.h; path = BWLSpareFrame.h; sourceTree = "<group>"; };
		8463C4831FC6FCEE008B7B68 /* BWLSpareFrame.m */ = {isa = PBXFileReference; lastKnownFileType = sourcecode.c.objc; path = BWLSpareFrame.m; sourceTree = "<group>"; };
		846846FB1FC812F700C0B630 /* BWLPlayerView.h */ = {isa = PBXFileReference; lastKnownFileType = sourcecode.c.h; path = BWLPlayerView.h; sourceTree = "<group>"; };
		846846FC1FC812F700C0B630 /* BWLPlayerView.m */ = {isa = PBXFileReference; lastKnownFileType = sourcecode.c.objc; path = BWLPlayerView.m; sourceTree = "<group>"; };
		846846FE1FC8130E00C0B630 /* BWLPlayerViewController.h */ = {isa = PBXFileReference; lastKnownFileType = sourcecode.c.h; path = BWLPlayerViewController.h; sourceTree = "<group>"; };
		846846FF1FC8130E00C0B630 /* BWLPlayerViewController.m */ = {isa = PBXFileReference; lastKnownFileType = sourcecode.c.objc; path = BWLPlayerViewController.m; sourceTree = "<group>"; };
		846A84401FC4799E00AB67F6 /* BWLButtonsComponent.h */ = {isa = PBXFileReference; lastKnownFileType = sourcecode.c.h; path = BWLButtonsComponent.h; sourceTree = "<group>"; };
		846A84411FC4799E00AB67F6 /* BWLButtonsComponent.m */ = {isa = PBXFileReference; lastKnownFileType = sourcecode.c.objc; path = BWLButtonsComponent.m; sourceTree = "<group>"; };
		847C9CC71FC57C3900393001 /* BWLRegistrationController.h */ = {isa = PBXFileReference; lastKnownFileType = sourcecode.c.h; path = BWLRegistrationController.h; sourceTree = "<group>"; };
		847C9CC81FC57C3900393001 /* BWLRegistrationController.m */ = {isa = PBXFileReference; lastKnownFileType = sourcecode.c.objc; path = BWLRegistrationController.m; sourceTree = "<group>"; };
		847C9CCA1FC5910600393001 /* CustomCellForTextField.h */ = {isa = PBXFileReference; lastKnownFileType = sourcecode.c.h; path = CustomCellForTextField.h; sourceTree = "<group>"; };
		847C9CCB1FC5910600393001 /* CustomCellForTextField.m */ = {isa = PBXFileReference; lastKnownFileType = sourcecode.c.objc; path = CustomCellForTextField.m; sourceTree = "<group>"; };
		847C9CCF1FC5913B00393001 /* CustomCellForButton.h */ = {isa = PBXFileReference; lastKnownFileType = sourcecode.c.h; path = CustomCellForButton.h; sourceTree = "<group>"; };
		847C9CD01FC5913B00393001 /* CustomCellForButton.m */ = {isa = PBXFileReference; lastKnownFileType = sourcecode.c.objc; path = CustomCellForButton.m; sourceTree = "<group>"; };
		848841571FC41E4B0030525F /* BWLTopButtonsComponent.h */ = {isa = PBXFileReference; lastKnownFileType = sourcecode.c.h; path = BWLTopButtonsComponent.h; sourceTree = "<group>"; };
		848841581FC41E4B0030525F /* BWLTopButtonsComponent.m */ = {isa = PBXFileReference; lastKnownFileType = sourcecode.c.objc; path = BWLTopButtonsComponent.m; sourceTree = "<group>"; };
		8488415A1FC426530030525F /* BWLBottomButonsComponent.h */ = {isa = PBXFileReference; lastKnownFileType = sourcecode.c.h; path = BWLBottomButonsComponent.h; sourceTree = "<group>"; };
		8488415B1FC426530030525F /* BWLBottomButonsComponent.m */ = {isa = PBXFileReference; lastKnownFileType = sourcecode.c.objc; path = BWLBottomButonsComponent.m; sourceTree = "<group>"; };
		8489F6111FBDDB23005156ED /* BWLScoreInputView.h */ = {isa = PBXFileReference; lastKnownFileType = sourcecode.c.h; path = BWLScoreInputView.h; sourceTree = "<group>"; };
		8489F6121FBDDB23005156ED /* BWLScoreInputView.m */ = {isa = PBXFileReference; lastKnownFileType = sourcecode.c.objc; path = BWLScoreInputView.m; sourceTree = "<group>"; };
		84B770491FD03ED200BDBF31 /* BWLCommonFrame.h */ = {isa = PBXFileReference; lastKnownFileType = sourcecode.c.h; path = BWLCommonFrame.h; sourceTree = "<group>"; };
		84B7704A1FD03ED200BDBF31 /* BWLCommonFrame.m */ = {isa = PBXFileReference; lastKnownFileType = sourcecode.c.objc; path = BWLCommonFrame.m; sourceTree = "<group>"; };
		DFD30B62C9876DEC79006AB5 /* libPods-Bowling.a */ = {isa = PBXFileReference; explicitFileType = archive.ar; includeInIndex = 0; path = "libPods-Bowling.a"; sourceTree = BUILT_PRODUCTS_DIR; };
/* End PBXFileReference section */

/* Begin PBXFrameworksBuildPhase section */
		842E55C11FBB4E8100F469D2 /* Frameworks */ = {
			isa = PBXFrameworksBuildPhase;
			buildActionMask = 2147483647;
			files = (
				70B311FB83FDEEAF24E9F61F /* libPods-Bowling.a in Frameworks */,
			);
			runOnlyForDeploymentPostprocessing = 0;
		};
/* End PBXFrameworksBuildPhase section */

/* Begin PBXGroup section */
		842E55BB1FBB4E8100F469D2 = {
			isa = PBXGroup;
			children = (
				842E55C61FBB4E8100F469D2 /* Bowling */,
				842E55C51FBB4E8100F469D2 /* Products */,
				842E55DD1FBB4E8C00F469D2 /* Frameworks */,
				E5EDA42537D734897AB23F13 /* Pods */,
			);
			sourceTree = "<group>";
		};
		842E55C51FBB4E8100F469D2 /* Products */ = {
			isa = PBXGroup;
			children = (
				842E55C41FBB4E8100F469D2 /* Bowling.app */,
			);
			name = Products;
			sourceTree = "<group>";
		};
		842E55C61FBB4E8100F469D2 /* Bowling */ = {
			isa = PBXGroup;
			children = (
				8489F6101FBDD4B0005156ED /* Delegate */,
				8489F60F1FBDD456005156ED /* View */,
				8489F60E1FBDD44E005156ED /* Controller */,
				8489F60D1FBDD441005156ED /* Model */,
				842E55CD1FBB4E8100F469D2 /* Main.storyboard */,
				842E55D01FBB4E8100F469D2 /* Assets.xcassets */,
				842E55D21FBB4E8100F469D2 /* LaunchScreen.storyboard */,
				842E55D51FBB4E8100F469D2 /* Info.plist */,
				842E55D61FBB4E8100F469D2 /* main.m */,
				848841571FC41E4B0030525F /* BWLTopButtonsComponent.h */,
				848841581FC41E4B0030525F /* BWLTopButtonsComponent.m */,
				8488415A1FC426530030525F /* BWLBottomButonsComponent.h */,
				8488415B1FC426530030525F /* BWLBottomButonsComponent.m */,
				846A84401FC4799E00AB67F6 /* BWLButtonsComponent.h */,
				846A84411FC4799E00AB67F6 /* BWLButtonsComponent.m */,
			);
			path = Bowling;
			sourceTree = "<group>";
		};
		842E55DD1FBB4E8C00F469D2 /* Frameworks */ = {
			isa = PBXGroup;
			children = (
				842E55DE1FBB4E8C00F469D2 /* UIKit.framework */,
				DFD30B62C9876DEC79006AB5 /* libPods-Bowling.a */,
			);
			name = Frameworks;
			sourceTree = "<group>";
		};
		8489F60D1FBDD441005156ED /* Model */ = {
			isa = PBXGroup;
			children = (
				842E55E91FBB4EC300F469D2 /* BWLGameScore.h */,
				842E55E81FBB4EC300F469D2 /* BWLGameScore.m */,
				842E55E11FBB4EC300F469D2 /* BWLScoreCard.h */,
				842E55E21FBB4EC300F469D2 /* BWLScoreCard.m */,
				842E55E41FBB4EC300F469D2 /* BWLFrame.h */,
				842E55E31FBB4EC300F469D2 /* BWLFrame.m */,
				8463C47F1FC6FCDE008B7B68 /* BWLStrikeFrame.h */,
				8463C4801FC6FCDE008B7B68 /* BWLStrikeFrame.m */,
				8463C4821FC6FCEE008B7B68 /* BWLSpareFrame.h */,
				8463C4831FC6FCEE008B7B68 /* BWLSpareFrame.m */,
				84B770491FD03ED200BDBF31 /* BWLCommonFrame.h */,
				84B7704A1FD03ED200BDBF31 /* BWLCommonFrame.m */,
			);
			path = Model;
			sourceTree = "<group>";
		};
		8489F60E1FBDD44E005156ED /* Controller */ = {
			isa = PBXGroup;
			children = (
				842E55E51FBB4EC300F469D2 /* BWLResultController_BWLExtension.h */,
				842E55E61FBB4EC300F469D2 /* BWLResultController.h */,
				842E55E01FBB4EC200F469D2 /* BWLResultController.m */,
				842E55CA1FBB4E8100F469D2 /* BWLGameController.h */,
				842E55CB1FBB4E8100F469D2 /* BWLGameController.m */,
				847C9CC71FC57C3900393001 /* BWLRegistrationController.h */,
				847C9CC81FC57C3900393001 /* BWLRegistrationController.m */,
				846846FE1FC8130E00C0B630 /* BWLPlayerViewController.h */,
				846846FF1FC8130E00C0B630 /* BWLPlayerViewController.m */,
				845E618E1FCD7ED6007B5203 /* BWLPlayerViewController+ViewConstraints.h */,
				845E618F1FCD7ED6007B5203 /* BWLPlayerViewController+ViewConstraints.m */,
			);
			path = Controller;
			sourceTree = "<group>";
		};
		8489F60F1FBDD456005156ED /* View */ = {
			isa = PBXGroup;
			children = (
				8458A5271FBC351600EE164F /* BWLScoreGridView.h */,
				8458A5281FBC351600EE164F /* BWLScoreGridView.m */,
				8463ABD91FBC48D000D969BC /* BWLScoreGridViewXIB.xib */,
				84263DAC1FBC969600337D86 /* BWLScoreGridResultView.xib */,
				84263DAE1FBC9C5B00337D86 /* BWLScoreGridResultView.h */,
				84263DAF1FBC9C5B00337D86 /* BWLScoreGridResultView.m */,
				842E55E71FBB4EC300F469D2 /* BWLFrameView.h */,
				842E55DF1FBB4EC200F469D2 /* BWLFrameView.m */,
				8489F6111FBDDB23005156ED /* BWLScoreInputView.h */,
				8489F6121FBDDB23005156ED /* BWLScoreInputView.m */,
				847C9CCA1FC5910600393001 /* CustomCellForTextField.h */,
				847C9CCB1FC5910600393001 /* CustomCellForTextField.m */,
				847C9CCF1FC5913B00393001 /* CustomCellForButton.h */,
				847C9CD01FC5913B00393001 /* CustomCellForButton.m */,
				844456C31FC6CF8200048C50 /* CustomCellForResult.h */,
				844456C41FC6CF8200048C50 /* CustomCellForResult.m */,
				844456C51FC6CF8200048C50 /* CustomCellForResult.xib */,
				846846FB1FC812F700C0B630 /* BWLPlayerView.h */,
				846846FC1FC812F700C0B630 /* BWLPlayerView.m */,
			);
			path = View;
			sourceTree = "<group>";
		};
		8489F6101FBDD4B0005156ED /* Delegate */ = {
			isa = PBXGroup;
			children = (
				842E55C71FBB4E8100F469D2 /* AppDelegate.h */,
				842E55C81FBB4E8100F469D2 /* AppDelegate.m */,
			);
			path = Delegate;
			sourceTree = "<group>";
		};
		E5EDA42537D734897AB23F13 /* Pods */ = {
			isa = PBXGroup;
			children = (
				172192EF7B7E95D1C2CDD995 /* Pods-Bowling.debug.xcconfig */,
				33048AAB7D193BD557230DAB /* Pods-Bowling.release.xcconfig */,
			);
			name = Pods;
			sourceTree = "<group>";
		};
/* End PBXGroup section */

/* Begin PBXNativeTarget section */
		842E55C31FBB4E8100F469D2 /* Bowling */ = {
			isa = PBXNativeTarget;
			buildConfigurationList = 842E55DA1FBB4E8100F469D2 /* Build configuration list for PBXNativeTarget "Bowling" */;
			buildPhases = (
				123FF0665AE5B97D82FE865E /* [CP] Check Pods Manifest.lock */,
				842E55C01FBB4E8100F469D2 /* Sources */,
				842E55C11FBB4E8100F469D2 /* Frameworks */,
				842E55C21FBB4E8100F469D2 /* Resources */,
				8FF04C69E691F05C94250E53 /* [CP] Embed Pods Frameworks */,
				FB329805DD2EBFAFFAF20971 /* [CP] Copy Pods Resources */,
			);
			buildRules = (
			);
			dependencies = (
			);
			name = Bowling;
			productName = Bowling;
			productReference = 842E55C41FBB4E8100F469D2 /* Bowling.app */;
			productType = "com.apple.product-type.application";
		};
/* End PBXNativeTarget section */

/* Begin PBXProject section */
		842E55BC1FBB4E8100F469D2 /* Project object */ = {
			isa = PBXProject;
			attributes = {
				LastUpgradeCheck = 0910;
				ORGANIZATIONNAME = admin;
				TargetAttributes = {
					842E55C31FBB4E8100F469D2 = {
						CreatedOnToolsVersion = 9.1;
						ProvisioningStyle = Automatic;
					};
				};
			};
			buildConfigurationList = 842E55BF1FBB4E8100F469D2 /* Build configuration list for PBXProject "Bowling" */;
			compatibilityVersion = "Xcode 8.0";
			developmentRegion = en;
			hasScannedForEncodings = 0;
			knownRegions = (
				en,
				Base,
			);
			mainGroup = 842E55BB1FBB4E8100F469D2;
			productRefGroup = 842E55C51FBB4E8100F469D2 /* Products */;
			projectDirPath = "";
			projectRoot = "";
			targets = (
				842E55C31FBB4E8100F469D2 /* Bowling */,
			);
		};
/* End PBXProject section */

/* Begin PBXResourcesBuildPhase section */
		842E55C21FBB4E8100F469D2 /* Resources */ = {
			isa = PBXResourcesBuildPhase;
			buildActionMask = 2147483647;
			files = (
				842E55D41FBB4E8100F469D2 /* LaunchScreen.storyboard in Resources */,
				844456C71FC6CF8200048C50 /* CustomCellForResult.xib in Resources */,
				842E55D11FBB4E8100F469D2 /* Assets.xcassets in Resources */,
				842E55CF1FBB4E8100F469D2 /* Main.storyboard in Resources */,
				8463ABDA1FBC48D000D969BC /* BWLScoreGridViewXIB.xib in Resources */,
				84263DAD1FBC969600337D86 /* BWLScoreGridResultView.xib in Resources */,
			);
			runOnlyForDeploymentPostprocessing = 0;
		};
/* End PBXResourcesBuildPhase section */

/* Begin PBXShellScriptBuildPhase section */
		123FF0665AE5B97D82FE865E /* [CP] Check Pods Manifest.lock */ = {
			isa = PBXShellScriptBuildPhase;
			buildActionMask = 2147483647;
			files = (
			);
			inputPaths = (
				"${PODS_PODFILE_DIR_PATH}/Podfile.lock",
				"${PODS_ROOT}/Manifest.lock",
			);
			name = "[CP] Check Pods Manifest.lock";
			outputPaths = (
				"$(DERIVED_FILE_DIR)/Pods-Bowling-checkManifestLockResult.txt",
			);
			runOnlyForDeploymentPostprocessing = 0;
			shellPath = /bin/sh;
			shellScript = "diff \"${PODS_PODFILE_DIR_PATH}/Podfile.lock\" \"${PODS_ROOT}/Manifest.lock\" > /dev/null\nif [ $? != 0 ] ; then\n    # print error to STDERR\n    echo \"error: The sandbox is not in sync with the Podfile.lock. Run 'pod install' or update your CocoaPods installation.\" >&2\n    exit 1\nfi\n# This output is used by Xcode 'outputs' to avoid re-running this script phase.\necho \"SUCCESS\" > \"${SCRIPT_OUTPUT_FILE_0}\"\n";
			showEnvVarsInLog = 0;
		};
		8FF04C69E691F05C94250E53 /* [CP] Embed Pods Frameworks */ = {
			isa = PBXShellScriptBuildPhase;
			buildActionMask = 2147483647;
			files = (
			);
			inputPaths = (
			);
			name = "[CP] Embed Pods Frameworks";
			outputPaths = (
			);
			runOnlyForDeploymentPostprocessing = 0;
			shellPath = /bin/sh;
			shellScript = "\"${SRCROOT}/Pods/Target Support Files/Pods-Bowling/Pods-Bowling-frameworks.sh\"\n";
			showEnvVarsInLog = 0;
		};
		FB329805DD2EBFAFFAF20971 /* [CP] Copy Pods Resources */ = {
			isa = PBXShellScriptBuildPhase;
			buildActionMask = 2147483647;
			files = (
			);
			inputPaths = (
			);
			name = "[CP] Copy Pods Resources";
			outputPaths = (
			);
			runOnlyForDeploymentPostprocessing = 0;
			shellPath = /bin/sh;
			shellScript = "\"${SRCROOT}/Pods/Target Support Files/Pods-Bowling/Pods-Bowling-resources.sh\"\n";
			showEnvVarsInLog = 0;
		};
/* End PBXShellScriptBuildPhase section */

/* Begin PBXSourcesBuildPhase section */
		842E55C01FBB4E8100F469D2 /* Sources */ = {
			isa = PBXSourcesBuildPhase;
			buildActionMask = 2147483647;
			files = (
				8463C4811FC6FCDE008B7B68 /* BWLStrikeFrame.m in Sources */,
				847C9CD21FC5913B00393001 /* CustomCellForButton.m in Sources */,
				842E55EC1FBB4EC400F469D2 /* BWLScoreCard.m in Sources */,
				8458A5291FBC351600EE164F /* BWLScoreGridView.m in Sources */,
				8488415C1FC426530030525F /* BWLBottomButonsComponent.m in Sources */,
				84263DB01FBC9C5B00337D86 /* BWLScoreGridResultView.m in Sources */,
				842E55EB1FBB4EC400F469D2 /* BWLResultController.m in Sources */,
				842E55EA1FBB4EC400F469D2 /* BWLFrameView.m in Sources */,
				8489F6131FBDDB23005156ED /* BWLScoreInputView.m in Sources */,
				846847001FC8130E00C0B630 /* BWLPlayerViewController.m in Sources */,
				845E61901FCD7ED6007B5203 /* BWLPlayerViewController+ViewConstraints.m in Sources */,
				842E55CC1FBB4E8100F469D2 /* BWLGameController.m in Sources */,
				842E55EE1FBB4EC400F469D2 /* BWLGameScore.m in Sources */,
				842E55ED1FBB4EC400F469D2 /* BWLFrame.m in Sources */,
				848841591FC41E4B0030525F /* BWLTopButtonsComponent.m in Sources */,
				846A84421FC4799E00AB67F6 /* BWLButtonsComponent.m in Sources */,
				842E55D71FBB4E8100F469D2 /* main.m in Sources */,
				847C9CC91FC57C3900393001 /* BWLRegistrationController.m in Sources */,
				846846FD1FC812F700C0B630 /* BWLPlayerView.m in Sources */,
				844456C61FC6CF8200048C50 /* CustomCellForResult.m in Sources */,
				84B7704B1FD03ED200BDBF31 /* BWLCommonFrame.m in Sources */,
				8463C4841FC6FCEE008B7B68 /* BWLSpareFrame.m in Sources */,
				847C9CCD1FC5910600393001 /* CustomCellForTextField.m in Sources */,
				842E55C91FBB4E8100F469D2 /* AppDelegate.m in Sources */,
			);
			runOnlyForDeploymentPostprocessing = 0;
		};
/* End PBXSourcesBuildPhase section */

/* Begin PBXVariantGroup section */
		842E55CD1FBB4E8100F469D2 /* Main.storyboard */ = {
			isa = PBXVariantGroup;
			children = (
				842E55CE1FBB4E8100F469D2 /* Base */,
			);
			name = Main.storyboard;
			sourceTree = "<group>";
		};
		842E55D21FBB4E8100F469D2 /* LaunchScreen.storyboard */ = {
			isa = PBXVariantGroup;
			children = (
				842E55D31FBB4E8100F469D2 /* Base */,
			);
			name = LaunchScreen.storyboard;
			sourceTree = "<group>";
		};
/* End PBXVariantGroup section */

/* Begin XCBuildConfiguration section */
		842E55D81FBB4E8100F469D2 /* Debug */ = {
			isa = XCBuildConfiguration;
			buildSettings = {
				ALWAYS_SEARCH_USER_PATHS = NO;
				CLANG_ANALYZER_NONNULL = YES;
				CLANG_ANALYZER_NUMBER_OBJECT_CONVERSION = YES_AGGRESSIVE;
				CLANG_CXX_LANGUAGE_STANDARD = "gnu++14";
				CLANG_CXX_LIBRARY = "libc++";
				CLANG_ENABLE_MODULES = YES;
				CLANG_ENABLE_OBJC_ARC = YES;
				CLANG_WARN_BLOCK_CAPTURE_AUTORELEASING = YES;
				CLANG_WARN_BOOL_CONVERSION = YES;
				CLANG_WARN_COMMA = YES;
				CLANG_WARN_CONSTANT_CONVERSION = YES;
				CLANG_WARN_DIRECT_OBJC_ISA_USAGE = YES_ERROR;
				CLANG_WARN_DOCUMENTATION_COMMENTS = YES;
				CLANG_WARN_EMPTY_BODY = YES;
				CLANG_WARN_ENUM_CONVERSION = YES;
				CLANG_WARN_INFINITE_RECURSION = YES;
				CLANG_WARN_INT_CONVERSION = YES;
				CLANG_WARN_NON_LITERAL_NULL_CONVERSION = YES;
				CLANG_WARN_OBJC_LITERAL_CONVERSION = YES;
				CLANG_WARN_OBJC_ROOT_CLASS = YES_ERROR;
				CLANG_WARN_RANGE_LOOP_ANALYSIS = YES;
				CLANG_WARN_STRICT_PROTOTYPES = YES;
				CLANG_WARN_SUSPICIOUS_MOVE = YES;
				CLANG_WARN_UNGUARDED_AVAILABILITY = YES_AGGRESSIVE;
				CLANG_WARN_UNREACHABLE_CODE = YES;
				CLANG_WARN__DUPLICATE_METHOD_MATCH = YES;
				CODE_SIGN_IDENTITY = "iPhone Developer";
				COPY_PHASE_STRIP = NO;
				DEBUG_INFORMATION_FORMAT = dwarf;
				ENABLE_STRICT_OBJC_MSGSEND = YES;
				ENABLE_TESTABILITY = YES;
				GCC_C_LANGUAGE_STANDARD = gnu11;
				GCC_DYNAMIC_NO_PIC = NO;
				GCC_NO_COMMON_BLOCKS = YES;
				GCC_OPTIMIZATION_LEVEL = 0;
				GCC_PREPROCESSOR_DEFINITIONS = (
					"DEBUG=1",
					"$(inherited)",
				);
				GCC_WARN_64_TO_32_BIT_CONVERSION = YES;
				GCC_WARN_ABOUT_RETURN_TYPE = YES_ERROR;
				GCC_WARN_UNDECLARED_SELECTOR = YES;
				GCC_WARN_UNINITIALIZED_AUTOS = YES_AGGRESSIVE;
				GCC_WARN_UNUSED_FUNCTION = YES;
				GCC_WARN_UNUSED_VARIABLE = YES;
				IPHONEOS_DEPLOYMENT_TARGET = 11.1;
				MTL_ENABLE_DEBUG_INFO = YES;
				ONLY_ACTIVE_ARCH = YES;
				SDKROOT = iphoneos;
			};
			name = Debug;
		};
		842E55D91FBB4E8100F469D2 /* Release */ = {
			isa = XCBuildConfiguration;
			buildSettings = {
				ALWAYS_SEARCH_USER_PATHS = NO;
				CLANG_ANALYZER_NONNULL = YES;
				CLANG_ANALYZER_NUMBER_OBJECT_CONVERSION = YES_AGGRESSIVE;
				CLANG_CXX_LANGUAGE_STANDARD = "gnu++14";
				CLANG_CXX_LIBRARY = "libc++";
				CLANG_ENABLE_MODULES = YES;
				CLANG_ENABLE_OBJC_ARC = YES;
				CLANG_WARN_BLOCK_CAPTURE_AUTORELEASING = YES;
				CLANG_WARN_BOOL_CONVERSION = YES;
				CLANG_WARN_COMMA = YES;
				CLANG_WARN_CONSTANT_CONVERSION = YES;
				CLANG_WARN_DIRECT_OBJC_ISA_USAGE = YES_ERROR;
				CLANG_WARN_DOCUMENTATION_COMMENTS = YES;
				CLANG_WARN_EMPTY_BODY = YES;
				CLANG_WARN_ENUM_CONVERSION = YES;
				CLANG_WARN_INFINITE_RECURSION = YES;
				CLANG_WARN_INT_CONVERSION = YES;
				CLANG_WARN_NON_LITERAL_NULL_CONVERSION = YES;
				CLANG_WARN_OBJC_LITERAL_CONVERSION = YES;
				CLANG_WARN_OBJC_ROOT_CLASS = YES_ERROR;
				CLANG_WARN_RANGE_LOOP_ANALYSIS = YES;
				CLANG_WARN_STRICT_PROTOTYPES = YES;
				CLANG_WARN_SUSPICIOUS_MOVE = YES;
				CLANG_WARN_UNGUARDED_AVAILABILITY = YES_AGGRESSIVE;
				CLANG_WARN_UNREACHABLE_CODE = YES;
				CLANG_WARN__DUPLICATE_METHOD_MATCH = YES;
				CODE_SIGN_IDENTITY = "iPhone Developer";
				COPY_PHASE_STRIP = NO;
				DEBUG_INFORMATION_FORMAT = "dwarf-with-dsym";
				ENABLE_NS_ASSERTIONS = NO;
				ENABLE_STRICT_OBJC_MSGSEND = YES;
				GCC_C_LANGUAGE_STANDARD = gnu11;
				GCC_NO_COMMON_BLOCKS = YES;
				GCC_WARN_64_TO_32_BIT_CONVERSION = YES;
				GCC_WARN_ABOUT_RETURN_TYPE = YES_ERROR;
				GCC_WARN_UNDECLARED_SELECTOR = YES;
				GCC_WARN_UNINITIALIZED_AUTOS = YES_AGGRESSIVE;
				GCC_WARN_UNUSED_FUNCTION = YES;
				GCC_WARN_UNUSED_VARIABLE = YES;
				IPHONEOS_DEPLOYMENT_TARGET = 11.1;
				MTL_ENABLE_DEBUG_INFO = NO;
				SDKROOT = iphoneos;
				VALIDATE_PRODUCT = YES;
			};
			name = Release;
		};
		842E55DB1FBB4E8100F469D2 /* Debug */ = {
			isa = XCBuildConfiguration;
			baseConfigurationReference = 172192EF7B7E95D1C2CDD995 /* Pods-Bowling.debug.xcconfig */;
			buildSettings = {
				ASSETCATALOG_COMPILER_APPICON_NAME = AppIcon;
				CODE_SIGN_STYLE = Automatic;
				INFOPLIST_FILE = Bowling/Info.plist;
				LD_RUNPATH_SEARCH_PATHS = "$(inherited) @executable_path/Frameworks";
				PRODUCT_BUNDLE_IDENTIFIER = Drachyov.Bowling;
				PRODUCT_NAME = "$(TARGET_NAME)";
				TARGETED_DEVICE_FAMILY = "1,2";
			};
			name = Debug;
		};
		842E55DC1FBB4E8100F469D2 /* Release */ = {
			isa = XCBuildConfiguration;
			baseConfigurationReference = 33048AAB7D193BD557230DAB /* Pods-Bowling.release.xcconfig */;
			buildSettings = {
				ASSETCATALOG_COMPILER_APPICON_NAME = AppIcon;
				CODE_SIGN_STYLE = Automatic;
				INFOPLIST_FILE = Bowling/Info.plist;
				LD_RUNPATH_SEARCH_PATHS = "$(inherited) @executable_path/Frameworks";
				PRODUCT_BUNDLE_IDENTIFIER = Drachyov.Bowling;
				PRODUCT_NAME = "$(TARGET_NAME)";
				TARGETED_DEVICE_FAMILY = "1,2";
			};
			name = Release;
		};
/* End XCBuildConfiguration section */

/* Begin XCConfigurationList section */
		842E55BF1FBB4E8100F469D2 /* Build configuration list for PBXProject "Bowling" */ = {
			isa = XCConfigurationList;
			buildConfigurations = (
				842E55D81FBB4E8100F469D2 /* Debug */,
				842E55D91FBB4E8100F469D2 /* Release */,
			);
			defaultConfigurationIsVisible = 0;
			defaultConfigurationName = Release;
		};
		842E55DA1FBB4E8100F469D2 /* Build configuration list for PBXNativeTarget "Bowling" */ = {
			isa = XCConfigurationList;
			buildConfigurations = (
				842E55DB1FBB4E8100F469D2 /* Debug */,
				842E55DC1FBB4E8100F469D2 /* Release */,
			);
			defaultConfigurationIsVisible = 0;
			defaultConfigurationName = Release;
		};
/* End XCConfigurationList section */
	};
	rootObject = 842E55BC1FBB4E8100F469D2 /* Project object */;
}
